{
  "name": "packet-sig",
  "version": "0.1.0",
  "lockfileVersion": 3,
  "requires": true,
  "packages": {
    "": {
      "name": "packet-sig",
      "version": "0.1.0",
      "license": "ISC",
      "devDependencies": {
        "@types/node": "18.16.5"
      }
    },
    "node_modules/@types/node": {
      "version": "18.16.5",
      "resolved": "https://registry.npmjs.org/@types/node/-/node-18.16.5.tgz",
      "integrity": "sha512-seOA34WMo9KB+UA78qaJoCO20RJzZGVXQ5Sh6FWu0g/hfT44nKXnej3/tCQl7FL97idFpBhisLYCTB50S0EirA==",
      "dev": true
    }
  }
}
