{
  "name": "packet-sig",
  "version": "0.1.0",
  "lockfileVersion": 3,
  "requires": true,
  "packages": {
    "": {
      "name": "packet-sig",
      "version": "0.1.0",
      "license": "ISC",
      "devDependencies": {
        "@types/node": "18.16.18"
      }
    },
    "node_modules/@types/node": {
      "version": "18.16.18",
      "resolved": "https://registry.npmjs.org/@types/node/-/node-18.16.18.tgz",
      "integrity": "sha512-/aNaQZD0+iSBAGnvvN2Cx92HqE5sZCPZtx2TsK+4nvV23fFe09jVDvpArXr2j9DnYlzuU9WuoykDDc6wqvpNcw==",
      "dev": true
    }
  }
}
